
Microsoft Visual Studio Solution File, Format Version 12.00
# Visual Studio Version 16
VisualStudioVersion = 16.0.30104.148
MinimumVisualStudioVersion = 10.0.40219.1
Project("{FAE04EC0-301F-11D3-BF4B-00C04F79EFBC}") = "StrategyPattern", "StrategyPattern\StrategyPattern.csproj", "{3EA8A546-6243-4323-9735-0128DAA41EDF}"
EndProject
Global
	GlobalSection(SolutionConfigurationPlatforms) = preSolution
		Debug|Any CPU = Debug|Any CPU
		Release|Any CPU = Release|Any CPU
	EndGlobalSection
	GlobalSection(ProjectConfigurationPlatforms) = postSolution
		{3EA8A546-6243-4323-9735-0128DAA41EDF}.Debug|Any CPU.ActiveCfg = Debug|Any CPU
		{3EA8A546-6243-4323-9735-0128DAA41EDF}.Debug|Any CPU.Build.0 = Debug|Any CPU
		{3EA8A546-6243-4323-9735-0128DAA41EDF}.Release|Any CPU.ActiveCfg = Release|Any CPU
		{3EA8A546-6243-4323-9735-0128DAA41EDF}.Release|Any CPU.Build.0 = Release|Any CPU
	EndGlobalSection
	GlobalSection(SolutionProperties) = preSolution
		HideSolutionNode = FALSE
	EndGlobalSection
	GlobalSection(ExtensibilityGlobals) = postSolution
		SolutionGuid = {5588CD51-6956-435C-8887-644BA9110E6E}
	EndGlobalSection
EndGlobal
